
Microsoft Visual Studio Solution File, Format Version 12.00
# Visual Studio Version 16
VisualStudioVersion = 16.0.30907.101
MinimumVisualStudioVersion = 10.0.40219.1
Project("{FAE04EC0-301F-11D3-BF4B-00C04F79EFBC}") = "KadryiPlace", "KadryiPlace\KadryiPlace.csproj", "{8A9919A0-F081-41AC-A4F1-8414C9621FEB}"
EndProject
Global
	GlobalSection(SolutionConfigurationPlatforms) = preSolution
		Debug|Any CPU = Debug|Any CPU
		Release|Any CPU = Release|Any CPU
	EndGlobalSection
	GlobalSection(ProjectConfigurationPlatforms) = postSolution
		{8A9919A0-F081-41AC-A4F1-8414C9621FEB}.Debug|Any CPU.ActiveCfg = Debug|Any CPU
		{8A9919A0-F081-41AC-A4F1-8414C9621FEB}.Debug|Any CPU.Build.0 = Debug|Any CPU
		{8A9919A0-F081-41AC-A4F1-8414C9621FEB}.Release|Any CPU.ActiveCfg = Release|Any CPU
		{8A9919A0-F081-41AC-A4F1-8414C9621FEB}.Release|Any CPU.Build.0 = Release|Any CPU
	EndGlobalSection
	GlobalSection(SolutionProperties) = preSolution
		HideSolutionNode = FALSE
	EndGlobalSection
	GlobalSection(ExtensibilityGlobals) = postSolution
		SolutionGuid = {10857B1E-46B2-48CF-837E-842738F6D019}
	EndGlobalSection
EndGlobal
